
Microsoft Visual Studio Solution File, Format Version 12.00
# Visual Studio Version 17
VisualStudioVersion = 17.8.34330.188
MinimumVisualStudioVersion = 10.0.40219.1
Project("{FAE04EC0-301F-11D3-BF4B-00C04F79EFBC}") = "CustomSample", "CustomSample\CustomSample.csproj", "{A496150A-6A3E-4186-9F7A-B0DA16EC7CFA}"
EndProject
Global
	GlobalSection(SolutionConfigurationPlatforms) = preSolution
		Debug|Any CPU = Debug|Any CPU
		Release|Any CPU = Release|Any CPU
	EndGlobalSection
	GlobalSection(ProjectConfigurationPlatforms) = postSolution
		{A496150A-6A3E-4186-9F7A-B0DA16EC7CFA}.Debug|Any CPU.ActiveCfg = Debug|Any CPU
		{A496150A-6A3E-4186-9F7A-B0DA16EC7CFA}.Debug|Any CPU.Build.0 = Debug|Any CPU
		{A496150A-6A3E-4186-9F7A-B0DA16EC7CFA}.Debug|Any CPU.Deploy.0 = Debug|Any CPU
		{A496150A-6A3E-4186-9F7A-B0DA16EC7CFA}.Release|Any CPU.ActiveCfg = Release|Any CPU
		{A496150A-6A3E-4186-9F7A-B0DA16EC7CFA}.Release|Any CPU.Build.0 = Release|Any CPU
		{A496150A-6A3E-4186-9F7A-B0DA16EC7CFA}.Release|Any CPU.Deploy.0 = Release|Any CPU
	EndGlobalSection
	GlobalSection(SolutionProperties) = preSolution
		HideSolutionNode = FALSE
	EndGlobalSection
	GlobalSection(ExtensibilityGlobals) = postSolution
		SolutionGuid = {E0D31417-6F62-4151-8B14-BE8529059F95}
	EndGlobalSection
EndGlobal
